<?xml version="1.0" encoding="utf-8"?>
<Project ToolsVersion="4.0" xmlns="http://schemas.microsoft.com/developer/msbuild/2003">
  <ItemGroup>
    <Filter Include="SourceFile">
      <UniqueIdentifier>{4FC737F1-C7A5-4376-A066-2A32D752A2FF}</UniqueIdentifier>
      <Extensions>cpp;c;cc;cxx;def;odl;idl;hpj;bat;asm;asmx</Extensions>
    </Filter>
    <Filter Include="Header">
      <UniqueIdentifier>{93995380-89BD-4b04-88EB-625FBE52EBFB}</UniqueIdentifier>
      <Extensions>h;hh;hpp;hxx;hm;inl;inc;ipp;xsd</Extensions>
    </Filter>
    <Filter Include="Resource">
      <UniqueIdentifier>{67DA6AB6-F800-4c08-8B7A-83BB121AAD01}</UniqueIdentifier>
      <Extensions>rc;ico;cur;bmp;dlg;rc2;rct;bin;rgs;gif;jpg;jpeg;jpe;resx;tiff;tif;png;wav;mfcribbon-ms</Extensions>
    </Filter>
    <Filter Include="SourceFile\View">
      <UniqueIdentifier>{c07b896c-ceb2-466f-a8fa-8f27074ee55d}</UniqueIdentifier>
    </Filter>
    <Filter Include="SourceFile\ViewModel">
      <UniqueIdentifier>{af5cff67-4ee7-4122-88b4-3a8c03d78f09}</UniqueIdentifier>
    </Filter>
    <Filter Include="SourceFile\Command">
      <UniqueIdentifier>{4800352a-a859-47df-bcbc-05e113753102}</UniqueIdentifier>
    </Filter>
    <Filter Include="SourceFile\Common">
      <UniqueIdentifier>{c58d7894-b40d-498f-b73f-9b2785f8ff12}</UniqueIdentifier>
    </Filter>
    <Filter Include="SourceFile\Model">
      <UniqueIdentifier>{67f42434-4791-477b-bac5-76015d769387}</UniqueIdentifier>
    </Filter>
    <Filter Include="SourceFile\Others">
      <UniqueIdentifier>{b06b85ac-f19b-4b35-85bb-2341712311ab}</UniqueIdentifier>
    </Filter>
    <Filter Include="SourceFile\App">
      <UniqueIdentifier>{8efbe492-a4df-46e2-bf6e-11b166f631cb}</UniqueIdentifier>
    </Filter>
    <Filter Include="SourceFile\Window">
      <UniqueIdentifier>{4fd53991-d5dd-4c91-9d74-70b67426d3a7}</UniqueIdentifier>
    </Filter>
  </ItemGroup>
  <ItemGroup>
    <ClCompile Include="Main.cpp">
      <Filter>SourceFile</Filter>
    </ClCompile>
    <ClCompile Include="Common\Common.cpp">
      <Filter>SourceFile\Common</Filter>
    </ClCompile>
    <ClCompile Include="Command\Command.cpp">
      <Filter>SourceFile\Command</Filter>
    </ClCompile>
    <ClCompile Include="Model\Model.cpp">
      <Filter>SourceFile\Model</Filter>
    </ClCompile>
    <ClCompile Include="Others\Message.cpp">
      <Filter>SourceFile\Others</Filter>
    </ClCompile>
    <ClCompile Include="App\App.cpp">
      <Filter>SourceFile\App</Filter>
    </ClCompile>
    <ClCompile Include="Others\View-Polygon.cpp">
      <Filter>SourceFile\Others</Filter>
    </ClCompile>
    <ClCompile Include="demo.cpp">
      <Filter>SourceFile</Filter>
    </ClCompile>
    <ClCompile Include="View\MyFLTK.cpp">
      <Filter>SourceFile\View</Filter>
    </ClCompile>
  </ItemGroup>
  <ItemGroup>
    <ClInclude Include="Others\Message.h">
      <Filter>Header</Filter>
    </ClInclude>
    <ClInclude Include="Model\Model.h">
      <Filter>Header</Filter>
    </ClInclude>
    <ClInclude Include="Common\Common.h">
      <Filter>Header</Filter>
    </ClInclude>
    <ClInclude Include="Command\Command.h">
      <Filter>Header</Filter>
    </ClInclude>
    <ClInclude Include="Command\Parameter.h">
      <Filter>Header</Filter>
    </ClInclude>
    <ClInclude Include="App\App.h">
      <Filter>SourceFile\App</Filter>
    </ClInclude>
    <ClInclude Include="App\Window.h">
      <Filter>SourceFile\Window</Filter>
    </ClInclude>
    <ClInclude Include="View\MyFLTK.h">
      <Filter>SourceFile\View</Filter>
    </ClInclude>
    <ClInclude Include="Others\View-Polygon.h">
      <Filter>Header</Filter>
    </ClInclude>
  </ItemGroup>
</Project>