<?xml version="1.0" encoding="utf-8"?>
<Project ToolsVersion="4.0" xmlns="http://schemas.microsoft.com/developer/msbuild/2003">
  <ItemGroup>
    <Filter Include="SourceFile">
      <UniqueIdentifier>{4FC737F1-C7A5-4376-A066-2A32D752A2FF}</UniqueIdentifier>
      <Extensions>cpp;c;cc;cxx;def;odl;idl;hpj;bat;asm;asmx</Extensions>
    </Filter>
    <Filter Include="Header">
      <UniqueIdentifier>{93995380-89BD-4b04-88EB-625FBE52EBFB}</UniqueIdentifier>
      <Extensions>h;hh;hpp;hxx;hm;inl;inc;ipp;xsd</Extensions>
    </Filter>
    <Filter Include="Resource">
      <UniqueIdentifier>{67DA6AB6-F800-4c08-8B7A-83BB121AAD01}</UniqueIdentifier>
      <Extensions>rc;ico;cur;bmp;dlg;rc2;rct;bin;rgs;gif;jpg;jpeg;jpe;resx;tiff;tif;png;wav;mfcribbon-ms</Extensions>
    </Filter>
    <Filter Include="SourceFile\View">
      <UniqueIdentifier>{c07b896c-ceb2-466f-a8fa-8f27074ee55d}</UniqueIdentifier>
    </Filter>
    <Filter Include="SourceFile\ViewModel">
      <UniqueIdentifier>{af5cff67-4ee7-4122-88b4-3a8c03d78f09}</UniqueIdentifier>
    </Filter>
  </ItemGroup>
  <ItemGroup>
    <ClCompile Include="Main.cpp">
      <Filter>SourceFile</Filter>
    </ClCompile>
    <ClCompile Include="Common.cpp">
      <Filter>SourceFile</Filter>
    </ClCompile>
    <ClCompile Include="View-Polygon.cpp">
      <Filter>SourceFile\View</Filter>
    </ClCompile>
    <ClCompile Include="Model.cpp">
      <Filter>SourceFile</Filter>
    </ClCompile>
    <ClCompile Include="ViewModel\MyFLTK.cpp">
      <Filter>SourceFile\ViewModel</Filter>
    </ClCompile>
  </ItemGroup>
  <ItemGroup>
    <ClInclude Include="Common.h">
      <Filter>Header</Filter>
    </ClInclude>
    <ClInclude Include="View-Polygon.h">
      <Filter>Header</Filter>
    </ClInclude>
    <ClInclude Include="Model.h">
      <Filter>Header</Filter>
    </ClInclude>
    <ClInclude Include="MyFLTK.h">
      <Filter>Header</Filter>
    </ClInclude>
  </ItemGroup>
</Project>